
Microsoft Visual Studio Solution File, Format Version 12.00
# Visual Studio Version 16
VisualStudioVersion = 16.0.29509.3
MinimumVisualStudioVersion = 10.0.40219.1
Project("{9A19103F-16F7-4668-BE54-9A1E7A4F7556}") = "GlobalException.Exceptions", "src\GlobalException.Exceptions\GlobalException.Exceptions.csproj", "{01B93063-6AE7-4D52-BF0F-E1D786ED4135}"
EndProject
Project("{9A19103F-16F7-4668-BE54-9A1E7A4F7556}") = "GlobalException.UI.WebApi", "src\GlobalException.UI.WebApi\GlobalException.UI.WebApi.csproj", "{0B3B4182-A9AA-472E-B673-814461BEB88F}"
EndProject
Global
	GlobalSection(SolutionConfigurationPlatforms) = preSolution
		Debug|Any CPU = Debug|Any CPU
		Release|Any CPU = Release|Any CPU
	EndGlobalSection
	GlobalSection(ProjectConfigurationPlatforms) = postSolution
		{01B93063-6AE7-4D52-BF0F-E1D786ED4135}.Debug|Any CPU.ActiveCfg = Debug|Any CPU
		{01B93063-6AE7-4D52-BF0F-E1D786ED4135}.Debug|Any CPU.Build.0 = Debug|Any CPU
		{01B93063-6AE7-4D52-BF0F-E1D786ED4135}.Release|Any CPU.ActiveCfg = Release|Any CPU
		{01B93063-6AE7-4D52-BF0F-E1D786ED4135}.Release|Any CPU.Build.0 = Release|Any CPU
		{0B3B4182-A9AA-472E-B673-814461BEB88F}.Debug|Any CPU.ActiveCfg = Debug|Any CPU
		{0B3B4182-A9AA-472E-B673-814461BEB88F}.Debug|Any CPU.Build.0 = Debug|Any CPU
		{0B3B4182-A9AA-472E-B673-814461BEB88F}.Release|Any CPU.ActiveCfg = Release|Any CPU
		{0B3B4182-A9AA-472E-B673-814461BEB88F}.Release|Any CPU.Build.0 = Release|Any CPU
	EndGlobalSection
	GlobalSection(SolutionProperties) = preSolution
		HideSolutionNode = FALSE
	EndGlobalSection
	GlobalSection(ExtensibilityGlobals) = postSolution
		SolutionGuid = {389CD4FC-F54B-4CF2-AA59-0810B368E04C}
	EndGlobalSection
EndGlobal
